
Microsoft Visual Studio Solution File, Format Version 12.00
# Visual Studio Version 17
VisualStudioVersion = 17.9.34622.214
MinimumVisualStudioVersion = 10.0.40219.1
Project("{FAE04EC0-301F-11D3-BF4B-00C04F79EFBC}") = "yr-api", "yr-api\yr-api.csproj", "{B2EB2B2C-8276-4174-8AE6-CD78BE8C0112}"
EndProject
Global
	GlobalSection(SolutionConfigurationPlatforms) = preSolution
		Debug|Any CPU = Debug|Any CPU
		Release|Any CPU = Release|Any CPU
	EndGlobalSection
	GlobalSection(ProjectConfigurationPlatforms) = postSolution
		{B2EB2B2C-8276-4174-8AE6-CD78BE8C0112}.Debug|Any CPU.ActiveCfg = Debug|Any CPU
		{B2EB2B2C-8276-4174-8AE6-CD78BE8C0112}.Debug|Any CPU.Build.0 = Debug|Any CPU
		{B2EB2B2C-8276-4174-8AE6-CD78BE8C0112}.Release|Any CPU.ActiveCfg = Release|Any CPU
		{B2EB2B2C-8276-4174-8AE6-CD78BE8C0112}.Release|Any CPU.Build.0 = Release|Any CPU
	EndGlobalSection
	GlobalSection(SolutionProperties) = preSolution
		HideSolutionNode = FALSE
	EndGlobalSection
	GlobalSection(ExtensibilityGlobals) = postSolution
		SolutionGuid = {C5D716F3-4019-4298-9AC4-A5D83D8EEAA1}
	EndGlobalSection
EndGlobal
